{
  "version": 4,
  "terraform_version": "1.5.0",
  "serial": 188,
  "lineage": "30a278bd-7669-32ff-78cb-98907c54143a",
  "outputs": {
    "external_ip_address_node01": {
      "value": "178.154.207.179",
      "type": "string"
    },
    "external_ip_address_node02": {
      "value": "158.160.127.56",
      "type": "string"
    },
    "external_ip_address_node03": {
      "value": "51.250.79.234",
      "type": "string"
    },
    "internal_ip_address_node01": {
      "value": "10.0.1.17",
      "type": "string"
    },
    "internal_ip_address_node02": {
      "value": "10.0.1.26",
      "type": "string"
    },
    "internal_ip_address_node03": {
      "value": "10.0.1.14",
      "type": "string"
    }
  },
  "resources": [
    {
      "mode": "managed",
      "type": "local_file",
      "name": "prod",
      "provider": "provider[\"registry.terraform.io/hashicorp/local\"]",
      "instances": [
        {
          "schema_version": 0,
          "attributes": {
            "content": "---\nclickhouse:\n  hosts:\n    clickhouse-01:\n      ansible_host: 178.154.207.179\n      ansible_user: centos\n\nvector:\n  hosts:\n    vector-01:\n      ansible_host: 158.160.127.56\n      ansible_user: centos\n\nlighthouse:\n  hosts:\n    lighthouse-01:\n      ansible_host: 51.250.79.234\n      ansible_user: centos\n",
            "content_base64": null,
            "content_base64sha256": "torYdND+OrGA75D8DaHxDVJea/etfHIgveHeQAacwGc=",
            "content_base64sha512": "JVX9OOK0Li+BEyfkzaTkVF83mByr3sRGkdCVRnlT/I4X1jg1olDcg9ZLNYEFFCiloHyHpVx1FdCUMfKzvBH5qQ==",
            "content_md5": "7fd9fffe85f2fe6b565b4c49b8c82ca5",
            "content_sha1": "5302283879c5a5d1506b52d28d59947652501910",
            "content_sha256": "b68ad874d0fe3ab180ef90fc0da1f10d525e6bf7ad7c7220bde1de40069cc067",
            "content_sha512": "2555fd38e2b42e2f811327e4cda4e4545f37981cabdec44691d095467953fc8e17d63835a250dc83d64b3581051428a5a07c87a55c7515d09431f2b3bc11f9a9",
            "directory_permission": "0777",
            "file_permission": "0777",
            "filename": "../inventory/prod.yaml",
            "id": "5302283879c5a5d1506b52d28d59947652501910",
            "sensitive_content": null,
            "source": null
          },
          "sensitive_attributes": [],
          "dependencies": [
            "yandex_compute_instance.node01",
            "yandex_compute_instance.node02",
            "yandex_compute_instance.node03",
            "yandex_vpc_network.network-1",
            "yandex_vpc_subnet.subnet-1"
          ]
        }
      ]
    },
    {
      "mode": "managed",
      "type": "null_resource",
      "name": "cluster",
      "provider": "provider[\"registry.terraform.io/hashicorp/null\"]",
      "instances": [
        {
          "schema_version": 0,
          "attributes": {
            "id": "2649382658010218544",
            "triggers": null
          },
          "sensitive_attributes": [],
          "dependencies": [
            "local_file.prod",
            "null_resource.wait",
            "yandex_compute_instance.node01",
            "yandex_compute_instance.node02",
            "yandex_compute_instance.node03",
            "yandex_vpc_network.network-1",
            "yandex_vpc_subnet.subnet-1"
          ]
        }
      ]
    },
    {
      "mode": "managed",
      "type": "null_resource",
      "name": "wait",
      "provider": "provider[\"registry.terraform.io/hashicorp/null\"]",
      "instances": [
        {
          "schema_version": 0,
          "attributes": {
            "id": "7755119180023212126",
            "triggers": null
          },
          "sensitive_attributes": [],
          "dependencies": [
            "local_file.prod",
            "yandex_compute_instance.node01",
            "yandex_compute_instance.node02",
            "yandex_compute_instance.node03",
            "yandex_vpc_network.network-1",
            "yandex_vpc_subnet.subnet-1"
          ]
        }
      ]
    },
    {
      "mode": "managed",
      "type": "yandex_compute_instance",
      "name": "node01",
      "provider": "provider[\"registry.terraform.io/yandex-cloud/yandex\"]",
      "instances": [
        {
          "schema_version": 1,
          "attributes": {
            "allow_recreate": null,
            "allow_stopping_for_update": true,
            "boot_disk": [
              {
                "auto_delete": true,
                "device_name": "fhmkveauhv62jd3k0p1h",
                "disk_id": "fhmkveauhv62jd3k0p1h",
                "initialize_params": [
                  {
                    "block_size": 4096,
                    "description": "",
                    "image_id": "fd80hokdubc6pj50kvsd",
                    "name": "root-node01",
                    "size": 10,
                    "snapshot_id": "",
                    "type": "network-ssd"
                  }
                ],
                "mode": "READ_WRITE"
              }
            ],
            "created_at": "2024-02-17T10:44:12Z",
            "description": "",
            "filesystem": [],
            "folder_id": "b1g2g7h90nf60krkqnsi",
            "fqdn": "node01.netology.yc",
            "gpu_cluster_id": "",
            "hostname": "node01.netology.yc",
            "id": "fhmrrs21dghe70e3ukv9",
            "labels": null,
            "local_disk": [],
            "maintenance_grace_period": "",
            "maintenance_policy": null,
            "metadata": {
              "ssh-keys": "centos:ssh-rsa AAAAB3NzaC1yc2EAAAADAQABAAABgQCQ8gBc6HUF/um/eLV65ctkGnsfO4x9bF3nI8duozo8AVV72uzFt60NzshPH6G6ArrfSQso874eyZsxwquLB3BK4xKFU5kvRCKN1aqInH2BoSmyqAa2fTD4VqFwVAQxZ0JTQMqxGj5/fmYRR6PXrYphiNBkynjI5wMO2Dx2GjAP9Y4+eJNdZYbBsSdLchn1ea6JraI/HYajLsNoQHkQUL80OSeb62VpcV6gmz0V63BQ5XB5ebSwFtdXzd5pzvRsM1Z/VJZ8fws4PF8z4HrNz2wZMElw7TF4f9PLPY7t0irYx9QUtVZeisKwScZaklJcGKPoArW03MJDA7K2YHejYK/WkIIehKDKr6sidymIpVFZXnub0c7dCv5GXraG/zxll+NmKzBDWgMST4SRe28OT/0L8zs8z+Q1w/aF7P7S0XAk6dy2D+XMMotQhAktb6S6I+FzBlgzBdcGpk/+R4q9LV3/5/MdedvfRTUEvMoO7pPt+FzwqW8odu6gl9x2seznplc= azamat@debian\n"
            },
            "metadata_options": [
              {
                "aws_v1_http_endpoint": 1,
                "aws_v1_http_token": 2,
                "gce_http_endpoint": 1,
                "gce_http_token": 1
              }
            ],
            "name": "node01",
            "network_acceleration_type": "standard",
            "network_interface": [
              {
                "dns_record": [],
                "index": 0,
                "ip_address": "10.0.1.17",
                "ipv4": true,
                "ipv6": false,
                "ipv6_address": "",
                "ipv6_dns_record": [],
                "mac_address": "d0:0d:1b:df:04:16",
                "nat": true,
                "nat_dns_record": [],
                "nat_ip_address": "178.154.207.179",
                "nat_ip_version": "IPV4",
                "security_group_ids": [],
                "subnet_id": "e9b61cpqe6e29rgpme0j"
              }
            ],
            "placement_policy": [
              {
                "host_affinity_rules": [],
                "placement_group_id": "",
                "placement_group_partition": 0
              }
            ],
            "platform_id": "standard-v1",
            "resources": [
              {
                "core_fraction": 100,
                "cores": 2,
                "gpus": 0,
                "memory": 2
              }
            ],
            "scheduling_policy": [
              {
                "preemptible": false
              }
            ],
            "secondary_disk": [],
            "service_account_id": "",
            "status": "running",
            "timeouts": null,
            "zone": "ru-central1-a"
          },
          "sensitive_attributes": [],
          "private": "eyJlMmJmYjczMC1lY2FhLTExZTYtOGY4OC0zNDM2M2JjN2M0YzAiOnsiY3JlYXRlIjozMDAwMDAwMDAwMDAsImRlbGV0ZSI6MzAwMDAwMDAwMDAwLCJ1cGRhdGUiOjMwMDAwMDAwMDAwMH0sInNjaGVtYV92ZXJzaW9uIjoiMSJ9",
          "dependencies": [
            "yandex_vpc_network.network-1",
            "yandex_vpc_subnet.subnet-1"
          ]
        }
      ]
    },
    {
      "mode": "managed",
      "type": "yandex_compute_instance",
      "name": "node02",
      "provider": "provider[\"registry.terraform.io/yandex-cloud/yandex\"]",
      "instances": [
        {
          "schema_version": 1,
          "attributes": {
            "allow_recreate": null,
            "allow_stopping_for_update": true,
            "boot_disk": [
              {
                "auto_delete": true,
                "device_name": "fhmchiinjroq3qrn3edi",
                "disk_id": "fhmchiinjroq3qrn3edi",
                "initialize_params": [
                  {
                    "block_size": 4096,
                    "description": "",
                    "image_id": "fd80hokdubc6pj50kvsd",
                    "name": "root-node02",
                    "size": 10,
                    "snapshot_id": "",
                    "type": "network-ssd"
                  }
                ],
                "mode": "READ_WRITE"
              }
            ],
            "created_at": "2024-02-17T10:44:12Z",
            "description": "",
            "filesystem": [],
            "folder_id": "b1g2g7h90nf60krkqnsi",
            "fqdn": "node02.netology.yc",
            "gpu_cluster_id": "",
            "hostname": "node02.netology.yc",
            "id": "fhma5j79o52mmvod0ibd",
            "labels": null,
            "local_disk": [],
            "maintenance_grace_period": "",
            "maintenance_policy": null,
            "metadata": {
              "ssh-keys": "centos:ssh-rsa AAAAB3NzaC1yc2EAAAADAQABAAABgQCQ8gBc6HUF/um/eLV65ctkGnsfO4x9bF3nI8duozo8AVV72uzFt60NzshPH6G6ArrfSQso874eyZsxwquLB3BK4xKFU5kvRCKN1aqInH2BoSmyqAa2fTD4VqFwVAQxZ0JTQMqxGj5/fmYRR6PXrYphiNBkynjI5wMO2Dx2GjAP9Y4+eJNdZYbBsSdLchn1ea6JraI/HYajLsNoQHkQUL80OSeb62VpcV6gmz0V63BQ5XB5ebSwFtdXzd5pzvRsM1Z/VJZ8fws4PF8z4HrNz2wZMElw7TF4f9PLPY7t0irYx9QUtVZeisKwScZaklJcGKPoArW03MJDA7K2YHejYK/WkIIehKDKr6sidymIpVFZXnub0c7dCv5GXraG/zxll+NmKzBDWgMST4SRe28OT/0L8zs8z+Q1w/aF7P7S0XAk6dy2D+XMMotQhAktb6S6I+FzBlgzBdcGpk/+R4q9LV3/5/MdedvfRTUEvMoO7pPt+FzwqW8odu6gl9x2seznplc= azamat@debian\n"
            },
            "metadata_options": [
              {
                "aws_v1_http_endpoint": 1,
                "aws_v1_http_token": 2,
                "gce_http_endpoint": 1,
                "gce_http_token": 1
              }
            ],
            "name": "node02",
            "network_acceleration_type": "standard",
            "network_interface": [
              {
                "dns_record": [],
                "index": 0,
                "ip_address": "10.0.1.26",
                "ipv4": true,
                "ipv6": false,
                "ipv6_address": "",
                "ipv6_dns_record": [],
                "mac_address": "d0:0d:a2:cc:e9:c1",
                "nat": true,
                "nat_dns_record": [],
                "nat_ip_address": "158.160.127.56",
                "nat_ip_version": "IPV4",
                "security_group_ids": [],
                "subnet_id": "e9b61cpqe6e29rgpme0j"
              }
            ],
            "placement_policy": [
              {
                "host_affinity_rules": [],
                "placement_group_id": "",
                "placement_group_partition": 0
              }
            ],
            "platform_id": "standard-v1",
            "resources": [
              {
                "core_fraction": 100,
                "cores": 2,
                "gpus": 0,
                "memory": 2
              }
            ],
            "scheduling_policy": [
              {
                "preemptible": false
              }
            ],
            "secondary_disk": [],
            "service_account_id": "",
            "status": "running",
            "timeouts": null,
            "zone": "ru-central1-a"
          },
          "sensitive_attributes": [],
          "private": "eyJlMmJmYjczMC1lY2FhLTExZTYtOGY4OC0zNDM2M2JjN2M0YzAiOnsiY3JlYXRlIjozMDAwMDAwMDAwMDAsImRlbGV0ZSI6MzAwMDAwMDAwMDAwLCJ1cGRhdGUiOjMwMDAwMDAwMDAwMH0sInNjaGVtYV92ZXJzaW9uIjoiMSJ9",
          "dependencies": [
            "yandex_vpc_network.network-1",
            "yandex_vpc_subnet.subnet-1"
          ]
        }
      ]
    },
    {
      "mode": "managed",
      "type": "yandex_compute_instance",
      "name": "node03",
      "provider": "provider[\"registry.terraform.io/yandex-cloud/yandex\"]",
      "instances": [
        {
          "schema_version": 1,
          "attributes": {
            "allow_recreate": null,
            "allow_stopping_for_update": true,
            "boot_disk": [
              {
                "auto_delete": true,
                "device_name": "fhm32b6i3io24ooha6n2",
                "disk_id": "fhm32b6i3io24ooha6n2",
                "initialize_params": [
                  {
                    "block_size": 4096,
                    "description": "",
                    "image_id": "fd80hokdubc6pj50kvsd",
                    "name": "root-node03",
                    "size": 10,
                    "snapshot_id": "",
                    "type": "network-ssd"
                  }
                ],
                "mode": "READ_WRITE"
              }
            ],
            "created_at": "2024-02-17T10:44:12Z",
            "description": "",
            "filesystem": [],
            "folder_id": "b1g2g7h90nf60krkqnsi",
            "fqdn": "node03.netology.yc",
            "gpu_cluster_id": "",
            "hostname": "node03.netology.yc",
            "id": "fhm9io3ebd6pdbsmaita",
            "labels": null,
            "local_disk": [],
            "maintenance_grace_period": "",
            "maintenance_policy": null,
            "metadata": {
              "ssh-keys": "centos:ssh-rsa AAAAB3NzaC1yc2EAAAADAQABAAABgQCQ8gBc6HUF/um/eLV65ctkGnsfO4x9bF3nI8duozo8AVV72uzFt60NzshPH6G6ArrfSQso874eyZsxwquLB3BK4xKFU5kvRCKN1aqInH2BoSmyqAa2fTD4VqFwVAQxZ0JTQMqxGj5/fmYRR6PXrYphiNBkynjI5wMO2Dx2GjAP9Y4+eJNdZYbBsSdLchn1ea6JraI/HYajLsNoQHkQUL80OSeb62VpcV6gmz0V63BQ5XB5ebSwFtdXzd5pzvRsM1Z/VJZ8fws4PF8z4HrNz2wZMElw7TF4f9PLPY7t0irYx9QUtVZeisKwScZaklJcGKPoArW03MJDA7K2YHejYK/WkIIehKDKr6sidymIpVFZXnub0c7dCv5GXraG/zxll+NmKzBDWgMST4SRe28OT/0L8zs8z+Q1w/aF7P7S0XAk6dy2D+XMMotQhAktb6S6I+FzBlgzBdcGpk/+R4q9LV3/5/MdedvfRTUEvMoO7pPt+FzwqW8odu6gl9x2seznplc= azamat@debian\n"
            },
            "metadata_options": [
              {
                "aws_v1_http_endpoint": 1,
                "aws_v1_http_token": 2,
                "gce_http_endpoint": 1,
                "gce_http_token": 1
              }
            ],
            "name": "node03",
            "network_acceleration_type": "standard",
            "network_interface": [
              {
                "dns_record": [],
                "index": 0,
                "ip_address": "10.0.1.14",
                "ipv4": true,
                "ipv6": false,
                "ipv6_address": "",
                "ipv6_dns_record": [],
                "mac_address": "d0:0d:99:60:6e:5b",
                "nat": true,
                "nat_dns_record": [],
                "nat_ip_address": "51.250.79.234",
                "nat_ip_version": "IPV4",
                "security_group_ids": [],
                "subnet_id": "e9b61cpqe6e29rgpme0j"
              }
            ],
            "placement_policy": [
              {
                "host_affinity_rules": [],
                "placement_group_id": "",
                "placement_group_partition": 0
              }
            ],
            "platform_id": "standard-v1",
            "resources": [
              {
                "core_fraction": 100,
                "cores": 2,
                "gpus": 0,
                "memory": 2
              }
            ],
            "scheduling_policy": [
              {
                "preemptible": false
              }
            ],
            "secondary_disk": [],
            "service_account_id": "",
            "status": "running",
            "timeouts": null,
            "zone": "ru-central1-a"
          },
          "sensitive_attributes": [],
          "private": "eyJlMmJmYjczMC1lY2FhLTExZTYtOGY4OC0zNDM2M2JjN2M0YzAiOnsiY3JlYXRlIjozMDAwMDAwMDAwMDAsImRlbGV0ZSI6MzAwMDAwMDAwMDAwLCJ1cGRhdGUiOjMwMDAwMDAwMDAwMH0sInNjaGVtYV92ZXJzaW9uIjoiMSJ9",
          "dependencies": [
            "yandex_vpc_network.network-1",
            "yandex_vpc_subnet.subnet-1"
          ]
        }
      ]
    },
    {
      "mode": "managed",
      "type": "yandex_vpc_network",
      "name": "network-1",
      "provider": "provider[\"registry.terraform.io/yandex-cloud/yandex\"]",
      "instances": [
        {
          "schema_version": 0,
          "attributes": {
            "created_at": "2024-02-17T10:44:08Z",
            "default_security_group_id": "enpkmbdfv2rv260ndprt",
            "description": "",
            "folder_id": "b1g2g7h90nf60krkqnsi",
            "id": "enp004qvqaihs1ean9pg",
            "labels": {},
            "name": "network1",
            "subnet_ids": [],
            "timeouts": null
          },
          "sensitive_attributes": [],
          "private": "eyJlMmJmYjczMC1lY2FhLTExZTYtOGY4OC0zNDM2M2JjN2M0YzAiOnsiY3JlYXRlIjo2MDAwMDAwMDAwMCwiZGVsZXRlIjo2MDAwMDAwMDAwMCwidXBkYXRlIjo2MDAwMDAwMDAwMH19"
        }
      ]
    },
    {
      "mode": "managed",
      "type": "yandex_vpc_subnet",
      "name": "subnet-1",
      "provider": "provider[\"registry.terraform.io/yandex-cloud/yandex\"]",
      "instances": [
        {
          "schema_version": 0,
          "attributes": {
            "created_at": "2024-02-17T10:44:11Z",
            "description": "",
            "dhcp_options": [],
            "folder_id": "b1g2g7h90nf60krkqnsi",
            "id": "e9b61cpqe6e29rgpme0j",
            "labels": {},
            "name": "subnet1",
            "network_id": "enp004qvqaihs1ean9pg",
            "route_table_id": "",
            "timeouts": null,
            "v4_cidr_blocks": [
              "10.0.1.0/24"
            ],
            "v6_cidr_blocks": [],
            "zone": "ru-central1-a"
          },
          "sensitive_attributes": [],
          "private": "eyJlMmJmYjczMC1lY2FhLTExZTYtOGY4OC0zNDM2M2JjN2M0YzAiOnsiY3JlYXRlIjoxODAwMDAwMDAwMDAsImRlbGV0ZSI6MTgwMDAwMDAwMDAwLCJ1cGRhdGUiOjE4MDAwMDAwMDAwMH19",
          "dependencies": [
            "yandex_vpc_network.network-1"
          ]
        }
      ]
    }
  ],
  "check_results": null
}
